// !$*UTF8*$!
{
	archiveVersion = 1;
	classes = {
	};
	objectVersion = 50;
	objects = {

/* Begin PBXBuildFile section */
		FA48A417260882740086FB9A /* MyCustomViewCell.swift in Sources */ = {isa = PBXBuildFile; fileRef = FA48A416260882740086FB9A /* MyCustomViewCell.swift */; };
		FA8BDC1726086C9E00F8ADD5 /* AppDelegate.swift in Sources */ = {isa = PBXBuildFile; fileRef = FA8BDC1626086C9E00F8ADD5 /* AppDelegate.swift */; };
		FA8BDC1926086C9E00F8ADD5 /* SceneDelegate.swift in Sources */ = {isa = PBXBuildFile; fileRef = FA8BDC1826086C9E00F8ADD5 /* SceneDelegate.swift */; };
		FA8BDC1B26086C9E00F8ADD5 /* ViewController.swift in Sources */ = {isa = PBXBuildFile; fileRef = FA8BDC1A26086C9E00F8ADD5 /* ViewController.swift */; };
		FA8BDC1E26086C9E00F8ADD5 /* Main.storyboard in Resources */ = {isa = PBXBuildFile; fileRef = FA8BDC1C26086C9E00F8ADD5 /* Main.storyboard */; };
		FA8BDC2026086C9F00F8ADD5 /* Assets.xcassets in Resources */ = {isa = PBXBuildFile; fileRef = FA8BDC1F26086C9F00F8ADD5 /* Assets.xcassets */; };
		FA8BDC2326086C9F00F8ADD5 /* LaunchScreen.storyboard in Resources */ = {isa = PBXBuildFile; fileRef = FA8BDC2126086C9F00F8ADD5 /* LaunchScreen.storyboard */; };
		FA8BDC2E26086CA000F8ADD5 /* PhotoAppsTests.swift in Sources */ = {isa = PBXBuildFile; fileRef = FA8BDC2D26086CA000F8ADD5 /* PhotoAppsTests.swift */; };
		FA8BDC3926086CA000F8ADD5 /* PhotoAppsUITests.swift in Sources */ = {isa = PBXBuildFile; fileRef = FA8BDC3826086CA000F8ADD5 /* PhotoAppsUITests.swift */; };
/* End PBXBuildFile section */

/* Begin PBXContainerItemProxy section */
		FA8BDC2A26086CA000F8ADD5 /* PBXContainerItemProxy */ = {
			isa = PBXContainerItemProxy;
			containerPortal = FA8BDC0B26086C9E00F8ADD5 /* Project object */;
			proxyType = 1;
			remoteGlobalIDString = FA8BDC1226086C9E00F8ADD5;
			remoteInfo = PhotoApps;
		};
		FA8BDC3526086CA000F8ADD5 /* PBXContainerItemProxy */ = {
			isa = PBXContainerItemProxy;
			containerPortal = FA8BDC0B26086C9E00F8ADD5 /* Project object */;
			proxyType = 1;
			remoteGlobalIDString = FA8BDC1226086C9E00F8ADD5;
			remoteInfo = PhotoApps;
		};
/* End PBXContainerItemProxy section */

/* Begin PBXFileReference section */
		FA48A416260882740086FB9A /* MyCustomViewCell.swift */ = {isa = PBXFileReference; lastKnownFileType = sourcecode.swift; path = MyCustomViewCell.swift; sourceTree = "<group>"; };
		FA8BDC1326086C9E00F8ADD5 /* PhotoApps.app */ = {isa = PBXFileReference; explicitFileType = wrapper.application; includeInIndex = 0; path = PhotoApps.app; sourceTree = BUILT_PRODUCTS_DIR; };
		FA8BDC1626086C9E00F8ADD5 /* AppDelegate.swift */ = {isa = PBXFileReference; lastKnownFileType = sourcecode.swift; path = AppDelegate.swift; sourceTree = "<group>"; };
		FA8BDC1826086C9E00F8ADD5 /* SceneDelegate.swift */ = {isa = PBXFileReference; lastKnownFileType = sourcecode.swift; path = SceneDelegate.swift; sourceTree = "<group>"; };
		FA8BDC1A26086C9E00F8ADD5 /* ViewController.swift */ = {isa = PBXFileReference; lastKnownFileType = sourcecode.swift; path = ViewController.swift; sourceTree = "<group>"; };
		FA8BDC1D26086C9E00F8ADD5 /* Base */ = {isa = PBXFileReference; lastKnownFileType = file.storyboard; name = Base; path = Base.lproj/Main.storyboard; sourceTree = "<group>"; };
		FA8BDC1F26086C9F00F8ADD5 /* Assets.xcassets */ = {isa = PBXFileReference; lastKnownFileType = folder.assetcatalog; path = Assets.xcassets; sourceTree = "<group>"; };
		FA8BDC2226086C9F00F8ADD5 /* Base */ = {isa = PBXFileReference; lastKnownFileType = file.storyboard; name = Base; path = Base.lproj/LaunchScreen.storyboard; sourceTree = "<group>"; };
		FA8BDC2426086C9F00F8ADD5 /* Info.plist */ = {isa = PBXFileReference; lastKnownFileType = text.plist.xml; path = Info.plist; sourceTree = "<group>"; };
		FA8BDC2926086CA000F8ADD5 /* PhotoAppsTests.xctest */ = {isa = PBXFileReference; explicitFileType = wrapper.cfbundle; includeInIndex = 0; path = PhotoAppsTests.xctest; sourceTree = BUILT_PRODUCTS_DIR; };
		FA8BDC2D26086CA000F8ADD5 /* PhotoAppsTests.swift */ = {isa = PBXFileReference; lastKnownFileType = sourcecode.swift; path = PhotoAppsTests.swift; sourceTree = "<group>"; };
		FA8BDC2F26086CA000F8ADD5 /* Info.plist */ = {isa = PBXFileReference; lastKnownFileType = text.plist.xml; path = Info.plist; sourceTree = "<group>"; };
		FA8BDC3426086CA000F8ADD5 /* PhotoAppsUITests.xctest */ = {isa = PBXFileReference; explicitFileType = wrapper.cfbundle; includeInIndex = 0; path = PhotoAppsUITests.xctest; sourceTree = BUILT_PRODUCTS_DIR; };
		FA8BDC3826086CA000F8ADD5 /* PhotoAppsUITests.swift */ = {isa = PBXFileReference; lastKnownFileType = sourcecode.swift; path = PhotoAppsUITests.swift; sourceTree = "<group>"; };
		FA8BDC3A26086CA000F8ADD5 /* Info.plist */ = {isa = PBXFileReference; lastKnownFileType = text.plist.xml; path = Info.plist; sourceTree = "<group>"; };
/* End PBXFileReference section */

/* Begin PBXFrameworksBuildPhase section */
		FA8BDC1026086C9E00F8ADD5 /* Frameworks */ = {
			isa = PBXFrameworksBuildPhase;
			buildActionMask = 2147483647;
			files = (
			);
			runOnlyForDeploymentPostprocessing = 0;
		};
		FA8BDC2626086CA000F8ADD5 /* Frameworks */ = {
			isa = PBXFrameworksBuildPhase;
			buildActionMask = 2147483647;
			files = (
			);
			runOnlyForDeploymentPostprocessing = 0;
		};
		FA8BDC3126086CA000F8ADD5 /* Frameworks */ = {
			isa = PBXFrameworksBuildPhase;
			buildActionMask = 2147483647;
			files = (
			);
			runOnlyForDeploymentPostprocessing = 0;
		};
/* End PBXFrameworksBuildPhase section */

/* Begin PBXGroup section */
		FA8BDC0A26086C9E00F8ADD5 = {
			isa = PBXGroup;
			children = (
				FA8BDC1526086C9E00F8ADD5 /* PhotoApps */,
				FA8BDC2C26086CA000F8ADD5 /* PhotoAppsTests */,
				FA8BDC3726086CA000F8ADD5 /* PhotoAppsUITests */,
				FA8BDC1426086C9E00F8ADD5 /* Products */,
			);
			sourceTree = "<group>";
		};
		FA8BDC1426086C9E00F8ADD5 /* Products */ = {
			isa = PBXGroup;
			children = (
				FA8BDC1326086C9E00F8ADD5 /* PhotoApps.app */,
				FA8BDC2926086CA000F8ADD5 /* PhotoAppsTests.xctest */,
				FA8BDC3426086CA000F8ADD5 /* PhotoAppsUITests.xctest */,
			);
			name = Products;
			sourceTree = "<group>";
		};
		FA8BDC1526086C9E00F8ADD5 /* PhotoApps */ = {
			isa = PBXGroup;
			children = (
				FA8BDC1626086C9E00F8ADD5 /* AppDelegate.swift */,
				FA8BDC1826086C9E00F8ADD5 /* SceneDelegate.swift */,
				FA8BDC1A26086C9E00F8ADD5 /* ViewController.swift */,
				FA8BDC1C26086C9E00F8ADD5 /* Main.storyboard */,
				FA48A416260882740086FB9A /* MyCustomViewCell.swift */,
				FA8BDC1F26086C9F00F8ADD5 /* Assets.xcassets */,
				FA8BDC2126086C9F00F8ADD5 /* LaunchScreen.storyboard */,
				FA8BDC2426086C9F00F8ADD5 /* Info.plist */,
			);
			path = PhotoApps;
			sourceTree = "<group>";
		};
		FA8BDC2C26086CA000F8ADD5 /* PhotoAppsTests */ = {
			isa = PBXGroup;
			children = (
				FA8BDC2D26086CA000F8ADD5 /* PhotoAppsTests.swift */,
				FA8BDC2F26086CA000F8ADD5 /* Info.plist */,
			);
			path = PhotoAppsTests;
			sourceTree = "<group>";
		};
		FA8BDC3726086CA000F8ADD5 /* PhotoAppsUITests */ = {
			isa = PBXGroup;
			children = (
				FA8BDC3826086CA000F8ADD5 /* PhotoAppsUITests.swift */,
				FA8BDC3A26086CA000F8ADD5 /* Info.plist */,
			);
			path = PhotoAppsUITests;
			sourceTree = "<group>";
		};
/* End PBXGroup section */

/* Begin PBXNativeTarget section */
		FA8BDC1226086C9E00F8ADD5 /* PhotoApps */ = {
			isa = PBXNativeTarget;
			buildConfigurationList = FA8BDC3D26086CA000F8ADD5 /* Build configuration list for PBXNativeTarget "PhotoApps" */;
			buildPhases = (
				FA8BDC0F26086C9E00F8ADD5 /* Sources */,
				FA8BDC1026086C9E00F8ADD5 /* Frameworks */,
				FA8BDC1126086C9E00F8ADD5 /* Resources */,
			);
			buildRules = (
			);
			dependencies = (
			);
			name = PhotoApps;
			productName = PhotoApps;
			productReference = FA8BDC1326086C9E00F8ADD5 /* PhotoApps.app */;
			productType = "com.apple.product-type.application";
		};
		FA8BDC2826086CA000F8ADD5 /* PhotoAppsTests */ = {
			isa = PBXNativeTarget;
			buildConfigurationList = FA8BDC4026086CA000F8ADD5 /* Build configuration list for PBXNativeTarget "PhotoAppsTests" */;
			buildPhases = (
				FA8BDC2526086CA000F8ADD5 /* Sources */,
				FA8BDC2626086CA000F8ADD5 /* Frameworks */,
				FA8BDC2726086CA000F8ADD5 /* Resources */,
			);
			buildRules = (
			);
			dependencies = (
				FA8BDC2B26086CA000F8ADD5 /* PBXTargetDependency */,
			);
			name = PhotoAppsTests;
			productName = PhotoAppsTests;
			productReference = FA8BDC2926086CA000F8ADD5 /* PhotoAppsTests.xctest */;
			productType = "com.apple.product-type.bundle.unit-test";
		};
		FA8BDC3326086CA000F8ADD5 /* PhotoAppsUITests */ = {
			isa = PBXNativeTarget;
			buildConfigurationList = FA8BDC4326086CA000F8ADD5 /* Build configuration list for PBXNativeTarget "PhotoAppsUITests" */;
			buildPhases = (
				FA8BDC3026086CA000F8ADD5 /* Sources */,
				FA8BDC3126086CA000F8ADD5 /* Frameworks */,
				FA8BDC3226086CA000F8ADD5 /* Resources */,
			);
			buildRules = (
			);
			dependencies = (
				FA8BDC3626086CA000F8ADD5 /* PBXTargetDependency */,
			);
			name = PhotoAppsUITests;
			productName = PhotoAppsUITests;
			productReference = FA8BDC3426086CA000F8ADD5 /* PhotoAppsUITests.xctest */;
			productType = "com.apple.product-type.bundle.ui-testing";
		};
/* End PBXNativeTarget section */

/* Begin PBXProject section */
		FA8BDC0B26086C9E00F8ADD5 /* Project object */ = {
			isa = PBXProject;
			attributes = {
				LastSwiftUpdateCheck = 1240;
				LastUpgradeCheck = 1240;
				TargetAttributes = {
					FA8BDC1226086C9E00F8ADD5 = {
						CreatedOnToolsVersion = 12.4;
					};
					FA8BDC2826086CA000F8ADD5 = {
						CreatedOnToolsVersion = 12.4;
						TestTargetID = FA8BDC1226086C9E00F8ADD5;
					};
					FA8BDC3326086CA000F8ADD5 = {
						CreatedOnToolsVersion = 12.4;
						TestTargetID = FA8BDC1226086C9E00F8ADD5;
					};
				};
			};
			buildConfigurationList = FA8BDC0E26086C9E00F8ADD5 /* Build configuration list for PBXProject "PhotoApps" */;
			compatibilityVersion = "Xcode 9.3";
			developmentRegion = en;
			hasScannedForEncodings = 0;
			knownRegions = (
				en,
				Base,
			);
			mainGroup = FA8BDC0A26086C9E00F8ADD5;
			productRefGroup = FA8BDC1426086C9E00F8ADD5 /* Products */;
			projectDirPath = "";
			projectRoot = "";
			targets = (
				FA8BDC1226086C9E00F8ADD5 /* PhotoApps */,
				FA8BDC2826086CA000F8ADD5 /* PhotoAppsTests */,
				FA8BDC3326086CA000F8ADD5 /* PhotoAppsUITests */,
			);
		};
/* End PBXProject section */

/* Begin PBXResourcesBuildPhase section */
		FA8BDC1126086C9E00F8ADD5 /* Resources */ = {
			isa = PBXResourcesBuildPhase;
			buildActionMask = 2147483647;
			files = (
				FA8BDC2326086C9F00F8ADD5 /* LaunchScreen.storyboard in Resources */,
				FA8BDC2026086C9F00F8ADD5 /* Assets.xcassets in Resources */,
				FA8BDC1E26086C9E00F8ADD5 /* Main.storyboard in Resources */,
			);
			runOnlyForDeploymentPostprocessing = 0;
		};
		FA8BDC2726086CA000F8ADD5 /* Resources */ = {
			isa = PBXResourcesBuildPhase;
			buildActionMask = 2147483647;
			files = (
			);
			runOnlyForDeploymentPostprocessing = 0;
		};
		FA8BDC3226086CA000F8ADD5 /* Resources */ = {
			isa = PBXResourcesBuildPhase;
			buildActionMask = 2147483647;
			files = (
			);
			runOnlyForDeploymentPostprocessing = 0;
		};
/* End PBXResourcesBuildPhase section */

/* Begin PBXSourcesBuildPhase section */
		FA8BDC0F26086C9E00F8ADD5 /* Sources */ = {
			isa = PBXSourcesBuildPhase;
			buildActionMask = 2147483647;
			files = (
				FA8BDC1B26086C9E00F8ADD5 /* ViewController.swift in Sources */,
				FA48A417260882740086FB9A /* MyCustomViewCell.swift in Sources */,
				FA8BDC1726086C9E00F8ADD5 /* AppDelegate.swift in Sources */,
				FA8BDC1926086C9E00F8ADD5 /* SceneDelegate.swift in Sources */,
			);
			runOnlyForDeploymentPostprocessing = 0;
		};
		FA8BDC2526086CA000F8ADD5 /* Sources */ = {
			isa = PBXSourcesBuildPhase;
			buildActionMask = 2147483647;
			files = (
				FA8BDC2E26086CA000F8ADD5 /* PhotoAppsTests.swift in Sources */,
			);
			runOnlyForDeploymentPostprocessing = 0;
		};
		FA8BDC3026086CA000F8ADD5 /* Sources */ = {
			isa = PBXSourcesBuildPhase;
			buildActionMask = 2147483647;
			files = (
				FA8BDC3926086CA000F8ADD5 /* PhotoAppsUITests.swift in Sources */,
			);
			runOnlyForDeploymentPostprocessing = 0;
		};
/* End PBXSourcesBuildPhase section */

/* Begin PBXTargetDependency section */
		FA8BDC2B26086CA000F8ADD5 /* PBXTargetDependency */ = {
			isa = PBXTargetDependency;
			target = FA8BDC1226086C9E00F8ADD5 /* PhotoApps */;
			targetProxy = FA8BDC2A26086CA000F8ADD5 /* PBXContainerItemProxy */;
		};
		FA8BDC3626086CA000F8ADD5 /* PBXTargetDependency */ = {
			isa = PBXTargetDependency;
			target = FA8BDC1226086C9E00F8ADD5 /* PhotoApps */;
			targetProxy = FA8BDC3526086CA000F8ADD5 /* PBXContainerItemProxy */;
		};
/* End PBXTargetDependency section */

/* Begin PBXVariantGroup section */
		FA8BDC1C26086C9E00F8ADD5 /* Main.storyboard */ = {
			isa = PBXVariantGroup;
			children = (
				FA8BDC1D26086C9E00F8ADD5 /* Base */,
			);
			name = Main.storyboard;
			sourceTree = "<group>";
		};
		FA8BDC2126086C9F00F8ADD5 /* LaunchScreen.storyboard */ = {
			isa = PBXVariantGroup;
			children = (
				FA8BDC2226086C9F00F8ADD5 /* Base */,
			);
			name = LaunchScreen.storyboard;
			sourceTree = "<group>";
		};
/* End PBXVariantGroup section */

/* Begin XCBuildConfiguration section */
		FA8BDC3B26086CA000F8ADD5 /* Debug */ = {
			isa = XCBuildConfiguration;
			buildSettings = {
				ALWAYS_SEARCH_USER_PATHS = NO;
				CLANG_ANALYZER_NONNULL = YES;
				CLANG_ANALYZER_NUMBER_OBJECT_CONVERSION = YES_AGGRESSIVE;
				CLANG_CXX_LANGUAGE_STANDARD = "gnu++14";
				CLANG_CXX_LIBRARY = "libc++";
				CLANG_ENABLE_MODULES = YES;
				CLANG_ENABLE_OBJC_ARC = YES;
				CLANG_ENABLE_OBJC_WEAK = YES;
				CLANG_WARN_BLOCK_CAPTURE_AUTORELEASING = YES;
				CLANG_WARN_BOOL_CONVERSION = YES;
				CLANG_WARN_COMMA = YES;
				CLANG_WARN_CONSTANT_CONVERSION = YES;
				CLANG_WARN_DEPRECATED_OBJC_IMPLEMENTATIONS = YES;
				CLANG_WARN_DIRECT_OBJC_ISA_USAGE = YES_ERROR;
				CLANG_WARN_DOCUMENTATION_COMMENTS = YES;
				CLANG_WARN_EMPTY_BODY = YES;
				CLANG_WARN_ENUM_CONVERSION = YES;
				CLANG_WARN_INFINITE_RECURSION = YES;
				CLANG_WARN_INT_CONVERSION = YES;
				CLANG_WARN_NON_LITERAL_NULL_CONVERSION = YES;
				CLANG_WARN_OBJC_IMPLICIT_RETAIN_SELF = YES;
				CLANG_WARN_OBJC_LITERAL_CONVERSION = YES;
				CLANG_WARN_OBJC_ROOT_CLASS = YES_ERROR;
				CLANG_WARN_QUOTED_INCLUDE_IN_FRAMEWORK_HEADER = YES;
				CLANG_WARN_RANGE_LOOP_ANALYSIS = YES;
				CLANG_WARN_STRICT_PROTOTYPES = YES;
				CLANG_WARN_SUSPICIOUS_MOVE = YES;
				CLANG_WARN_UNGUARDED_AVAILABILITY = YES_AGGRESSIVE;
				CLANG_WARN_UNREACHABLE_CODE = YES;
				CLANG_WARN__DUPLICATE_METHOD_MATCH = YES;
				COPY_PHASE_STRIP = NO;
				DEBUG_INFORMATION_FORMAT = dwarf;
				ENABLE_STRICT_OBJC_MSGSEND = YES;
				ENABLE_TESTABILITY = YES;
				GCC_C_LANGUAGE_STANDARD = gnu11;
				GCC_DYNAMIC_NO_PIC = NO;
				GCC_NO_COMMON_BLOCKS = YES;
				GCC_OPTIMIZATION_LEVEL = 0;
				GCC_PREPROCESSOR_DEFINITIONS = (
					"DEBUG=1",
					"$(inherited)",
				);
				GCC_WARN_64_TO_32_BIT_CONVERSION = YES;
				GCC_WARN_ABOUT_RETURN_TYPE = YES_ERROR;
				GCC_WARN_UNDECLARED_SELECTOR = YES;
				GCC_WARN_UNINITIALIZED_AUTOS = YES_AGGRESSIVE;
				GCC_WARN_UNUSED_FUNCTION = YES;
				GCC_WARN_UNUSED_VARIABLE = YES;
				IPHONEOS_DEPLOYMENT_TARGET = 14.4;
				MTL_ENABLE_DEBUG_INFO = INCLUDE_SOURCE;
				MTL_FAST_MATH = YES;
				ONLY_ACTIVE_ARCH = YES;
				SDKROOT = iphoneos;
				SWIFT_ACTIVE_COMPILATION_CONDITIONS = DEBUG;
				SWIFT_OPTIMIZATION_LEVEL = "-Onone";
			};
			name = Debug;
		};
		FA8BDC3C26086CA000F8ADD5 /* Release */ = {
			isa = XCBuildConfiguration;
			buildSettings = {
				ALWAYS_SEARCH_USER_PATHS = NO;
				CLANG_ANALYZER_NONNULL = YES;
				CLANG_ANALYZER_NUMBER_OBJECT_CONVERSION = YES_AGGRESSIVE;
				CLANG_CXX_LANGUAGE_STANDARD = "gnu++14";
				CLANG_CXX_LIBRARY = "libc++";
				CLANG_ENABLE_MODULES = YES;
				CLANG_ENABLE_OBJC_ARC = YES;
				CLANG_ENABLE_OBJC_WEAK = YES;
				CLANG_WARN_BLOCK_CAPTURE_AUTORELEASING = YES;
				CLANG_WARN_BOOL_CONVERSION = YES;
				CLANG_WARN_COMMA = YES;
				CLANG_WARN_CONSTANT_CONVERSION = YES;
				CLANG_WARN_DEPRECATED_OBJC_IMPLEMENTATIONS = YES;
				CLANG_WARN_DIRECT_OBJC_ISA_USAGE = YES_ERROR;
				CLANG_WARN_DOCUMENTATION_COMMENTS = YES;
				CLANG_WARN_EMPTY_BODY = YES;
				CLANG_WARN_ENUM_CONVERSION = YES;
				CLANG_WARN_INFINITE_RECURSION = YES;
				CLANG_WARN_INT_CONVERSION = YES;
				CLANG_WARN_NON_LITERAL_NULL_CONVERSION = YES;
				CLANG_WARN_OBJC_IMPLICIT_RETAIN_SELF = YES;
				CLANG_WARN_OBJC_LITERAL_CONVERSION = YES;
				CLANG_WARN_OBJC_ROOT_CLASS = YES_ERROR;
				CLANG_WARN_QUOTED_INCLUDE_IN_FRAMEWORK_HEADER = YES;
				CLANG_WARN_RANGE_LOOP_ANALYSIS = YES;
				CLANG_WARN_STRICT_PROTOTYPES = YES;
				CLANG_WARN_SUSPICIOUS_MOVE = YES;
				CLANG_WARN_UNGUARDED_AVAILABILITY = YES_AGGRESSIVE;
				CLANG_WARN_UNREACHABLE_CODE = YES;
				CLANG_WARN__DUPLICATE_METHOD_MATCH = YES;
				COPY_PHASE_STRIP = NO;
				DEBUG_INFORMATION_FORMAT = "dwarf-with-dsym";
				ENABLE_NS_ASSERTIONS = NO;
				ENABLE_STRICT_OBJC_MSGSEND = YES;
				GCC_C_LANGUAGE_STANDARD = gnu11;
				GCC_NO_COMMON_BLOCKS = YES;
				GCC_WARN_64_TO_32_BIT_CONVERSION = YES;
				GCC_WARN_ABOUT_RETURN_TYPE = YES_ERROR;
				GCC_WARN_UNDECLARED_SELECTOR = YES;
				GCC_WARN_UNINITIALIZED_AUTOS = YES_AGGRESSIVE;
				GCC_WARN_UNUSED_FUNCTION = YES;
				GCC_WARN_UNUSED_VARIABLE = YES;
				IPHONEOS_DEPLOYMENT_TARGET = 14.4;
				MTL_ENABLE_DEBUG_INFO = NO;
				MTL_FAST_MATH = YES;
				SDKROOT = iphoneos;
				SWIFT_COMPILATION_MODE = wholemodule;
				SWIFT_OPTIMIZATION_LEVEL = "-O";
				VALIDATE_PRODUCT = YES;
			};
			name = Release;
		};
		FA8BDC3E26086CA000F8ADD5 /* Debug */ = {
			isa = XCBuildConfiguration;
			buildSettings = {
				ASSETCATALOG_COMPILER_APPICON_NAME = AppIcon;
				ASSETCATALOG_COMPILER_GLOBAL_ACCENT_COLOR_NAME = AccentColor;
				CODE_SIGN_STYLE = Automatic;
				DEVELOPMENT_TEAM = XRSWD487Z4;
				INFOPLIST_FILE = PhotoApps/Info.plist;
				LD_RUNPATH_SEARCH_PATHS = (
					"$(inherited)",
					"@executable_path/Frameworks",
				);
				PRODUCT_BUNDLE_IDENTIFIER = jkr.PhotoApps;
				PRODUCT_NAME = "$(TARGET_NAME)";
				SWIFT_VERSION = 5.0;
				TARGETED_DEVICE_FAMILY = "1,2";
			};
			name = Debug;
		};
		FA8BDC3F26086CA000F8ADD5 /* Release */ = {
			isa = XCBuildConfiguration;
			buildSettings = {
				ASSETCATALOG_COMPILER_APPICON_NAME = AppIcon;
				ASSETCATALOG_COMPILER_GLOBAL_ACCENT_COLOR_NAME = AccentColor;
				CODE_SIGN_STYLE = Automatic;
				DEVELOPMENT_TEAM = XRSWD487Z4;
				INFOPLIST_FILE = PhotoApps/Info.plist;
				LD_RUNPATH_SEARCH_PATHS = (
					"$(inherited)",
					"@executable_path/Frameworks",
				);
				PRODUCT_BUNDLE_IDENTIFIER = jkr.PhotoApps;
				PRODUCT_NAME = "$(TARGET_NAME)";
				SWIFT_VERSION = 5.0;
				TARGETED_DEVICE_FAMILY = "1,2";
			};
			name = Release;
		};
		FA8BDC4126086CA000F8ADD5 /* Debug */ = {
			isa = XCBuildConfiguration;
			buildSettings = {
				ALWAYS_EMBED_SWIFT_STANDARD_LIBRARIES = YES;
				BUNDLE_LOADER = "$(TEST_HOST)";
				CODE_SIGN_STYLE = Automatic;
				DEVELOPMENT_TEAM = B3PWYBKFUK;
				INFOPLIST_FILE = PhotoAppsTests/Info.plist;
				IPHONEOS_DEPLOYMENT_TARGET = 14.4;
				LD_RUNPATH_SEARCH_PATHS = (
					"$(inherited)",
					"@executable_path/Frameworks",
					"@loader_path/Frameworks",
				);
				PRODUCT_BUNDLE_IDENTIFIER = jkr.PhotoAppsTests;
				PRODUCT_NAME = "$(TARGET_NAME)";
				SWIFT_VERSION = 5.0;
				TARGETED_DEVICE_FAMILY = "1,2";
				TEST_HOST = "$(BUILT_PRODUCTS_DIR)/PhotoApps.app/PhotoApps";
			};
			name = Debug;
		};
		FA8BDC4226086CA000F8ADD5 /* Release */ = {
			isa = XCBuildConfiguration;
			buildSettings = {
				ALWAYS_EMBED_SWIFT_STANDARD_LIBRARIES = YES;
				BUNDLE_LOADER = "$(TEST_HOST)";
				CODE_SIGN_STYLE = Automatic;
				DEVELOPMENT_TEAM = B3PWYBKFUK;
				INFOPLIST_FILE = PhotoAppsTests/Info.plist;
				IPHONEOS_DEPLOYMENT_TARGET = 14.4;
				LD_RUNPATH_SEARCH_PATHS = (
					"$(inherited)",
					"@executable_path/Frameworks",
					"@loader_path/Frameworks",
				);
				PRODUCT_BUNDLE_IDENTIFIER = jkr.PhotoAppsTests;
				PRODUCT_NAME = "$(TARGET_NAME)";
				SWIFT_VERSION = 5.0;
				TARGETED_DEVICE_FAMILY = "1,2";
				TEST_HOST = "$(BUILT_PRODUCTS_DIR)/PhotoApps.app/PhotoApps";
			};
			name = Release;
		};
		FA8BDC4426086CA000F8ADD5 /* Debug */ = {
			isa = XCBuildConfiguration;
			buildSettings = {
				ALWAYS_EMBED_SWIFT_STANDARD_LIBRARIES = YES;
				CODE_SIGN_STYLE = Automatic;
				DEVELOPMENT_TEAM = S52PAXB444;
				INFOPLIST_FILE = PhotoAppsUITests/Info.plist;
				LD_RUNPATH_SEARCH_PATHS = (
					"$(inherited)",
					"@executable_path/Frameworks",
					"@loader_path/Frameworks",
				);
				PRODUCT_BUNDLE_IDENTIFIER = jkr.PhotoAppsUITests;
				PRODUCT_NAME = "$(TARGET_NAME)";
				SWIFT_VERSION = 5.0;
				TARGETED_DEVICE_FAMILY = "1,2";
				TEST_TARGET_NAME = PhotoApps;
			};
			name = Debug;
		};
		FA8BDC4526086CA000F8ADD5 /* Release */ = {
			isa = XCBuildConfiguration;
			buildSettings = {
				ALWAYS_EMBED_SWIFT_STANDARD_LIBRARIES = YES;
				CODE_SIGN_STYLE = Automatic;
				DEVELOPMENT_TEAM = S52PAXB444;
				INFOPLIST_FILE = PhotoAppsUITests/Info.plist;
				LD_RUNPATH_SEARCH_PATHS = (
					"$(inherited)",
					"@executable_path/Frameworks",
					"@loader_path/Frameworks",
				);
				PRODUCT_BUNDLE_IDENTIFIER = jkr.PhotoAppsUITests;
				PRODUCT_NAME = "$(TARGET_NAME)";
				SWIFT_VERSION = 5.0;
				TARGETED_DEVICE_FAMILY = "1,2";
				TEST_TARGET_NAME = PhotoApps;
			};
			name = Release;
		};
/* End XCBuildConfiguration section */

/* Begin XCConfigurationList section */
		FA8BDC0E26086C9E00F8ADD5 /* Build configuration list for PBXProject "PhotoApps" */ = {
			isa = XCConfigurationList;
			buildConfigurations = (
				FA8BDC3B26086CA000F8ADD5 /* Debug */,
				FA8BDC3C26086CA000F8ADD5 /* Release */,
			);
			defaultConfigurationIsVisible = 0;
			defaultConfigurationName = Release;
		};
		FA8BDC3D26086CA000F8ADD5 /* Build configuration list for PBXNativeTarget "PhotoApps" */ = {
			isa = XCConfigurationList;
			buildConfigurations = (
				FA8BDC3E26086CA000F8ADD5 /* Debug */,
				FA8BDC3F26086CA000F8ADD5 /* Release */,
			);
			defaultConfigurationIsVisible = 0;
			defaultConfigurationName = Release;
		};
		FA8BDC4026086CA000F8ADD5 /* Build configuration list for PBXNativeTarget "PhotoAppsTests" */ = {
			isa = XCConfigurationList;
			buildConfigurations = (
				FA8BDC4126086CA000F8ADD5 /* Debug */,
				FA8BDC4226086CA000F8ADD5 /* Release */,
			);
			defaultConfigurationIsVisible = 0;
			defaultConfigurationName = Release;
		};
		FA8BDC4326086CA000F8ADD5 /* Build configuration list for PBXNativeTarget "PhotoAppsUITests" */ = {
			isa = XCConfigurationList;
			buildConfigurations = (
				FA8BDC4426086CA000F8ADD5 /* Debug */,
				FA8BDC4526086CA000F8ADD5 /* Release */,
			);
			defaultConfigurationIsVisible = 0;
			defaultConfigurationName = Release;
		};
/* End XCConfigurationList section */
	};
	rootObject = FA8BDC0B26086C9E00F8ADD5 /* Project object */;
}
